
Microsoft Visual Studio Solution File, Format Version 12.00
# Visual Studio 2013
VisualStudioVersion = 12.0.31101.0
MinimumVisualStudioVersion = 10.0.40219.1
Project("{FAE04EC0-301F-11D3-BF4B-00C04F79EFBC}") = "PracticumRevisited", "PracticumRevisited\PracticumRevisited.csproj", "{85845AA6-4639-4D99-9516-916C7C347E0A}"
EndProject
Project("{FAE04EC0-301F-11D3-BF4B-00C04F79EFBC}") = "PracticumRevisitedLibrary", "PracticumRevisitedLibrary\PracticumRevisitedLibrary.csproj", "{C7F21FB6-CC9D-4AC7-8C5C-218B31B059C9}"
EndProject
Project("{FAE04EC0-301F-11D3-BF4B-00C04F79EFBC}") = "PracticumRevisitedUnitTest", "PracticumRevisitedUnitTest\PracticumRevisitedUnitTest.csproj", "{397348F0-0ACA-4577-9F75-518FEB49CBC3}"
EndProject
Global
	GlobalSection(SolutionConfigurationPlatforms) = preSolution
		Debug|Any CPU = Debug|Any CPU
		Release|Any CPU = Release|Any CPU
	EndGlobalSection
	GlobalSection(ProjectConfigurationPlatforms) = postSolution
		{85845AA6-4639-4D99-9516-916C7C347E0A}.Debug|Any CPU.ActiveCfg = Debug|Any CPU
		{85845AA6-4639-4D99-9516-916C7C347E0A}.Debug|Any CPU.Build.0 = Debug|Any CPU
		{85845AA6-4639-4D99-9516-916C7C347E0A}.Release|Any CPU.ActiveCfg = Release|Any CPU
		{85845AA6-4639-4D99-9516-916C7C347E0A}.Release|Any CPU.Build.0 = Release|Any CPU
		{C7F21FB6-CC9D-4AC7-8C5C-218B31B059C9}.Debug|Any CPU.ActiveCfg = Debug|Any CPU
		{C7F21FB6-CC9D-4AC7-8C5C-218B31B059C9}.Debug|Any CPU.Build.0 = Debug|Any CPU
		{C7F21FB6-CC9D-4AC7-8C5C-218B31B059C9}.Release|Any CPU.ActiveCfg = Release|Any CPU
		{C7F21FB6-CC9D-4AC7-8C5C-218B31B059C9}.Release|Any CPU.Build.0 = Release|Any CPU
		{397348F0-0ACA-4577-9F75-518FEB49CBC3}.Debug|Any CPU.ActiveCfg = Debug|Any CPU
		{397348F0-0ACA-4577-9F75-518FEB49CBC3}.Debug|Any CPU.Build.0 = Debug|Any CPU
		{397348F0-0ACA-4577-9F75-518FEB49CBC3}.Release|Any CPU.ActiveCfg = Release|Any CPU
		{397348F0-0ACA-4577-9F75-518FEB49CBC3}.Release|Any CPU.Build.0 = Release|Any CPU
	EndGlobalSection
	GlobalSection(SolutionProperties) = preSolution
		HideSolutionNode = FALSE
	EndGlobalSection
EndGlobal
